
Microsoft Visual Studio Solution File, Format Version 12.00
# Visual Studio Version 17
VisualStudioVersion = 17.11.35208.52
MinimumVisualStudioVersion = 10.0.40219.1
Project("{9A19103F-16F7-4668-BE54-9A1E7A4F7556}") = "UCR.ECCI.PI.Backend.WebApi", "UCR.ECCI.PI.Backend.WebApi\UCR.ECCI.PI.Backend.WebApi.csproj", "{91A2A944-D5CC-463F-9F5F-589871EF7944}"
EndProject
Project("{9A19103F-16F7-4668-BE54-9A1E7A4F7556}") = "UCR.ECCI.PI.Backend.Domain", "UCR.ECCI.PI.Backend.Domain\UCR.ECCI.PI.Backend.Domain.csproj", "{FED1C1F0-023C-47C4-89EF-BE416EAC17F9}"
EndProject
Project("{9A19103F-16F7-4668-BE54-9A1E7A4F7556}") = "UCR.ECCI.PI.Backend.Infrastructure", "UCR.ECCI.PI.Backend.Infrastructure\UCR.ECCI.PI.Backend.Infrastructure.csproj", "{19635894-FECA-4CFE-8409-87CDCA49901A}"
EndProject
Project("{9A19103F-16F7-4668-BE54-9A1E7A4F7556}") = "UCR.ECCI.PI.Backend.Presentation", "UCR.ECCI.PI.Backend.Presentation\UCR.ECCI.PI.Backend.Presentation.csproj", "{076C0496-1693-4C7C-AC83-95D1D2404C27}"
EndProject
Project("{9A19103F-16F7-4668-BE54-9A1E7A4F7556}") = "UCR.ECCI.PI.Backend.Application", "UCR.ECCI.PI.Backend.Application\UCR.ECCI.PI.Backend.Application.csproj", "{426BF9FF-E1D3-46D4-98AF-E023859EDAAC}"
EndProject
Project("{9A19103F-16F7-4668-BE54-9A1E7A4F7556}") = "UCR.ECCI.PI.Backend.DependencyInjection", "UCR.ECCI.PI.Backend.DependencyInjection\UCR.ECCI.PI.Backend.DependencyInjection.csproj", "{A151370E-C023-4BA9-B926-ADF08CED4C72}"
EndProject
Project("{2150E333-8FDC-42A3-9474-1A3956D46DE8}") = "backend", "backend", "{814474DF-580A-439B-B7D0-ACAE92C7E52D}"
EndProject
Project("{2150E333-8FDC-42A3-9474-1A3956D46DE8}") = "database", "database", "{A640BAD2-A5ED-44AF-B3C7-84B9D425D646}"
EndProject
Project("{00D1A9C2-B5F0-4AF3-8072-F6C62B433612}") = "UCR.ECCI.PI.Backend.Database", "UCR.ECCI.PI.Backend.Database\UCR.ECCI.PI.Backend.Database.sqlproj", "{E24043CC-912A-4D01-92D8-F3F7029293B7}"
EndProject
Project("{2150E333-8FDC-42A3-9474-1A3956D46DE8}") = "tests", "tests", "{0E706B42-D9D1-4148-8DF3-9DA48B886A89}"
EndProject
Project("{9A19103F-16F7-4668-BE54-9A1E7A4F7556}") = "UCR.ECCI.PI.Backend.Domain.Tests.Unit", "UCR.ECCI.PI.Backend.Domain.Tests.Unit\UCR.ECCI.PI.Backend.Domain.Tests.Unit.csproj", "{B81D445D-FFCE-4C4B-9E6F-87610B276C0E}"
EndProject
Project("{9A19103F-16F7-4668-BE54-9A1E7A4F7556}") = "UCR.ECCI.PI.Backend.Application.Tests.Unit", "UCR.ECCI.PI.Backend.Application.Tests.Unit\UCR.ECCI.PI.Backend.Application.Tests.Unit.csproj", "{509CFAF0-77AF-4BC2-9958-0EEEB5EAD5DE}"
EndProject
Global
	GlobalSection(SolutionConfigurationPlatforms) = preSolution
		Debug|Any CPU = Debug|Any CPU
		Release|Any CPU = Release|Any CPU
	EndGlobalSection
	GlobalSection(ProjectConfigurationPlatforms) = postSolution
		{91A2A944-D5CC-463F-9F5F-589871EF7944}.Debug|Any CPU.ActiveCfg = Debug|Any CPU
		{91A2A944-D5CC-463F-9F5F-589871EF7944}.Debug|Any CPU.Build.0 = Debug|Any CPU
		{91A2A944-D5CC-463F-9F5F-589871EF7944}.Release|Any CPU.ActiveCfg = Release|Any CPU
		{91A2A944-D5CC-463F-9F5F-589871EF7944}.Release|Any CPU.Build.0 = Release|Any CPU
		{FED1C1F0-023C-47C4-89EF-BE416EAC17F9}.Debug|Any CPU.ActiveCfg = Debug|Any CPU
		{FED1C1F0-023C-47C4-89EF-BE416EAC17F9}.Debug|Any CPU.Build.0 = Debug|Any CPU
		{FED1C1F0-023C-47C4-89EF-BE416EAC17F9}.Release|Any CPU.ActiveCfg = Release|Any CPU
		{FED1C1F0-023C-47C4-89EF-BE416EAC17F9}.Release|Any CPU.Build.0 = Release|Any CPU
		{19635894-FECA-4CFE-8409-87CDCA49901A}.Debug|Any CPU.ActiveCfg = Debug|Any CPU
		{19635894-FECA-4CFE-8409-87CDCA49901A}.Debug|Any CPU.Build.0 = Debug|Any CPU
		{19635894-FECA-4CFE-8409-87CDCA49901A}.Release|Any CPU.ActiveCfg = Release|Any CPU
		{19635894-FECA-4CFE-8409-87CDCA49901A}.Release|Any CPU.Build.0 = Release|Any CPU
		{076C0496-1693-4C7C-AC83-95D1D2404C27}.Debug|Any CPU.ActiveCfg = Debug|Any CPU
		{076C0496-1693-4C7C-AC83-95D1D2404C27}.Debug|Any CPU.Build.0 = Debug|Any CPU
		{076C0496-1693-4C7C-AC83-95D1D2404C27}.Release|Any CPU.ActiveCfg = Release|Any CPU
		{076C0496-1693-4C7C-AC83-95D1D2404C27}.Release|Any CPU.Build.0 = Release|Any CPU
		{426BF9FF-E1D3-46D4-98AF-E023859EDAAC}.Debug|Any CPU.ActiveCfg = Debug|Any CPU
		{426BF9FF-E1D3-46D4-98AF-E023859EDAAC}.Debug|Any CPU.Build.0 = Debug|Any CPU
		{426BF9FF-E1D3-46D4-98AF-E023859EDAAC}.Release|Any CPU.ActiveCfg = Release|Any CPU
		{426BF9FF-E1D3-46D4-98AF-E023859EDAAC}.Release|Any CPU.Build.0 = Release|Any CPU
		{A151370E-C023-4BA9-B926-ADF08CED4C72}.Debug|Any CPU.ActiveCfg = Debug|Any CPU
		{A151370E-C023-4BA9-B926-ADF08CED4C72}.Debug|Any CPU.Build.0 = Debug|Any CPU
		{A151370E-C023-4BA9-B926-ADF08CED4C72}.Release|Any CPU.ActiveCfg = Release|Any CPU
		{A151370E-C023-4BA9-B926-ADF08CED4C72}.Release|Any CPU.Build.0 = Release|Any CPU
		{E24043CC-912A-4D01-92D8-F3F7029293B7}.Debug|Any CPU.ActiveCfg = Debug|Any CPU
		{E24043CC-912A-4D01-92D8-F3F7029293B7}.Debug|Any CPU.Build.0 = Debug|Any CPU
		{E24043CC-912A-4D01-92D8-F3F7029293B7}.Debug|Any CPU.Deploy.0 = Debug|Any CPU
		{E24043CC-912A-4D01-92D8-F3F7029293B7}.Release|Any CPU.ActiveCfg = Release|Any CPU
		{E24043CC-912A-4D01-92D8-F3F7029293B7}.Release|Any CPU.Build.0 = Release|Any CPU
		{E24043CC-912A-4D01-92D8-F3F7029293B7}.Release|Any CPU.Deploy.0 = Release|Any CPU
		{B81D445D-FFCE-4C4B-9E6F-87610B276C0E}.Debug|Any CPU.ActiveCfg = Debug|Any CPU
		{B81D445D-FFCE-4C4B-9E6F-87610B276C0E}.Debug|Any CPU.Build.0 = Debug|Any CPU
		{B81D445D-FFCE-4C4B-9E6F-87610B276C0E}.Release|Any CPU.ActiveCfg = Release|Any CPU
		{B81D445D-FFCE-4C4B-9E6F-87610B276C0E}.Release|Any CPU.Build.0 = Release|Any CPU
		{509CFAF0-77AF-4BC2-9958-0EEEB5EAD5DE}.Debug|Any CPU.ActiveCfg = Debug|Any CPU
		{509CFAF0-77AF-4BC2-9958-0EEEB5EAD5DE}.Debug|Any CPU.Build.0 = Debug|Any CPU
		{509CFAF0-77AF-4BC2-9958-0EEEB5EAD5DE}.Release|Any CPU.ActiveCfg = Release|Any CPU
		{509CFAF0-77AF-4BC2-9958-0EEEB5EAD5DE}.Release|Any CPU.Build.0 = Release|Any CPU
	EndGlobalSection
	GlobalSection(SolutionProperties) = preSolution
		HideSolutionNode = FALSE
	EndGlobalSection
	GlobalSection(NestedProjects) = preSolution
		{91A2A944-D5CC-463F-9F5F-589871EF7944} = {814474DF-580A-439B-B7D0-ACAE92C7E52D}
		{FED1C1F0-023C-47C4-89EF-BE416EAC17F9} = {814474DF-580A-439B-B7D0-ACAE92C7E52D}
		{19635894-FECA-4CFE-8409-87CDCA49901A} = {814474DF-580A-439B-B7D0-ACAE92C7E52D}
		{076C0496-1693-4C7C-AC83-95D1D2404C27} = {814474DF-580A-439B-B7D0-ACAE92C7E52D}
		{426BF9FF-E1D3-46D4-98AF-E023859EDAAC} = {814474DF-580A-439B-B7D0-ACAE92C7E52D}
		{A151370E-C023-4BA9-B926-ADF08CED4C72} = {814474DF-580A-439B-B7D0-ACAE92C7E52D}
		{E24043CC-912A-4D01-92D8-F3F7029293B7} = {A640BAD2-A5ED-44AF-B3C7-84B9D425D646}
		{B81D445D-FFCE-4C4B-9E6F-87610B276C0E} = {0E706B42-D9D1-4148-8DF3-9DA48B886A89}
		{509CFAF0-77AF-4BC2-9958-0EEEB5EAD5DE} = {0E706B42-D9D1-4148-8DF3-9DA48B886A89}
	EndGlobalSection
	GlobalSection(ExtensibilityGlobals) = postSolution
		SolutionGuid = {8CE85483-3DE4-41BE-80AC-3F192E9669B9}
	EndGlobalSection
EndGlobal
